
Microsoft Visual Studio Solution File, Format Version 12.00
# Visual Studio Version 17
VisualStudioVersion = 17.5.002.0
MinimumVisualStudioVersion = 10.0.40219.1
Project("{9A19103F-16F7-4668-BE54-9A1E7A4F7556}") = "TrybeHotel.test.test", "TrybeHotel.test.test.csproj", "{399EB968-F8E4-4673-B7D8-982F7D79E632}"
EndProject
Global
	GlobalSection(SolutionConfigurationPlatforms) = preSolution
		Debug|Any CPU = Debug|Any CPU
		Release|Any CPU = Release|Any CPU
	EndGlobalSection
	GlobalSection(ProjectConfigurationPlatforms) = postSolution
		{399EB968-F8E4-4673-B7D8-982F7D79E632}.Debug|Any CPU.ActiveCfg = Debug|Any CPU
		{399EB968-F8E4-4673-B7D8-982F7D79E632}.Debug|Any CPU.Build.0 = Debug|Any CPU
		{399EB968-F8E4-4673-B7D8-982F7D79E632}.Release|Any CPU.ActiveCfg = Release|Any CPU
		{399EB968-F8E4-4673-B7D8-982F7D79E632}.Release|Any CPU.Build.0 = Release|Any CPU
	EndGlobalSection
	GlobalSection(SolutionProperties) = preSolution
		HideSolutionNode = FALSE
	EndGlobalSection
	GlobalSection(ExtensibilityGlobals) = postSolution
		SolutionGuid = {D3E1416D-875C-42C6-9A62-48F6E1CF8AC2}
	EndGlobalSection
EndGlobal
